
Microsoft Visual Studio Solution File, Format Version 12.00
# Visual Studio Version 16
VisualStudioVersion = 16.0.28803.452
MinimumVisualStudioVersion = 10.0.40219.1
Project("{FAE04EC0-301F-11D3-BF4B-00C04F79EFBC}") = "BOL", "BOL\BOL.csproj", "{B15AD34F-A33F-4F54-9A34-1C3133FD43FF}"
EndProject
Project("{FAE04EC0-301F-11D3-BF4B-00C04F79EFBC}") = "DAL", "DAL\DAL.csproj", "{EF3C070D-3920-405E-BF8B-93F934E7AE5E}"
EndProject
Project("{FAE04EC0-301F-11D3-BF4B-00C04F79EFBC}") = "ENTITIES", "ENTITIES\ENTITIES.csproj", "{249E779E-03C4-490B-8984-1219AAFA1152}"
EndProject
Project("{FAE04EC0-301F-11D3-BF4B-00C04F79EFBC}") = "GUI", "GUI\GUI.csproj", "{D8AEDD3B-59AB-4BD6-850A-F61B5269CC46}"
EndProject
Global
	GlobalSection(SolutionConfigurationPlatforms) = preSolution
		Debug|Any CPU = Debug|Any CPU
		Release|Any CPU = Release|Any CPU
	EndGlobalSection
	GlobalSection(ProjectConfigurationPlatforms) = postSolution
		{B15AD34F-A33F-4F54-9A34-1C3133FD43FF}.Debug|Any CPU.ActiveCfg = Debug|Any CPU
		{B15AD34F-A33F-4F54-9A34-1C3133FD43FF}.Debug|Any CPU.Build.0 = Debug|Any CPU
		{B15AD34F-A33F-4F54-9A34-1C3133FD43FF}.Release|Any CPU.ActiveCfg = Release|Any CPU
		{B15AD34F-A33F-4F54-9A34-1C3133FD43FF}.Release|Any CPU.Build.0 = Release|Any CPU
		{EF3C070D-3920-405E-BF8B-93F934E7AE5E}.Debug|Any CPU.ActiveCfg = Debug|Any CPU
		{EF3C070D-3920-405E-BF8B-93F934E7AE5E}.Debug|Any CPU.Build.0 = Debug|Any CPU
		{EF3C070D-3920-405E-BF8B-93F934E7AE5E}.Release|Any CPU.ActiveCfg = Release|Any CPU
		{EF3C070D-3920-405E-BF8B-93F934E7AE5E}.Release|Any CPU.Build.0 = Release|Any CPU
		{249E779E-03C4-490B-8984-1219AAFA1152}.Debug|Any CPU.ActiveCfg = Debug|Any CPU
		{249E779E-03C4-490B-8984-1219AAFA1152}.Debug|Any CPU.Build.0 = Debug|Any CPU
		{249E779E-03C4-490B-8984-1219AAFA1152}.Release|Any CPU.ActiveCfg = Release|Any CPU
		{249E779E-03C4-490B-8984-1219AAFA1152}.Release|Any CPU.Build.0 = Release|Any CPU
		{D8AEDD3B-59AB-4BD6-850A-F61B5269CC46}.Debug|Any CPU.ActiveCfg = Debug|Any CPU
		{D8AEDD3B-59AB-4BD6-850A-F61B5269CC46}.Debug|Any CPU.Build.0 = Debug|Any CPU
		{D8AEDD3B-59AB-4BD6-850A-F61B5269CC46}.Release|Any CPU.ActiveCfg = Release|Any CPU
		{D8AEDD3B-59AB-4BD6-850A-F61B5269CC46}.Release|Any CPU.Build.0 = Release|Any CPU
	EndGlobalSection
	GlobalSection(SolutionProperties) = preSolution
		HideSolutionNode = FALSE
	EndGlobalSection
	GlobalSection(ExtensibilityGlobals) = postSolution
		SolutionGuid = {C05EDA6A-CBD6-4059-905C-486BA72B485D}
	EndGlobalSection
EndGlobal
